github.com/tealwp/gofileparser v0.0.0-20241001135231-f9d57b6f086d h1:BgAi3m2BgClreIZ9OBWw62pnJfrTD4KpGeR3Uic88Yk=
github.com/tealwp/gofileparser v0.0.0-20241001135231-f9d57b6f086d/go.mod h1:0lCObYKYf5SQigc7GamPrGXAR/JkSAJkMt0GtT+ZWlI=
github.com/tealwp/gofileparser v0.0.0-20241007150558-b94d9634a4d3 h1:QpzfZ2dsCfP9TMJmjnFsFn5MqOPVHgtx+XKKvytLjMw=
github.com/tealwp/gofileparser v0.0.0-20241007150558-b94d9634a4d3/go.mod h1:0lCObYKYf5SQigc7GamPrGXAR/JkSAJkMt0GtT+ZWlI=
